
Microsoft Visual Studio Solution File, Format Version 12.00
# Visual Studio Version 17
VisualStudioVersion = 17.7.34202.233
MinimumVisualStudioVersion = 10.0.40219.1
Project("{FAE04EC0-301F-11D3-BF4B-00C04F79EFBC}") = "FormApp1", "FormApp1\FormApp1.csproj", "{405F9497-B9DC-48C1-A143-133124397B59}"
EndProject
Global
	GlobalSection(SolutionConfigurationPlatforms) = preSolution
		Debug|Any CPU = Debug|Any CPU
		Release|Any CPU = Release|Any CPU
	EndGlobalSection
	GlobalSection(ProjectConfigurationPlatforms) = postSolution
		{405F9497-B9DC-48C1-A143-133124397B59}.Debug|Any CPU.ActiveCfg = Debug|Any CPU
		{405F9497-B9DC-48C1-A143-133124397B59}.Debug|Any CPU.Build.0 = Debug|Any CPU
		{405F9497-B9DC-48C1-A143-133124397B59}.Release|Any CPU.ActiveCfg = Release|Any CPU
		{405F9497-B9DC-48C1-A143-133124397B59}.Release|Any CPU.Build.0 = Release|Any CPU
	EndGlobalSection
	GlobalSection(SolutionProperties) = preSolution
		HideSolutionNode = FALSE
	EndGlobalSection
	GlobalSection(ExtensibilityGlobals) = postSolution
		SolutionGuid = {060E5913-AAC0-4727-B56B-C9ADD82088B8}
	EndGlobalSection
EndGlobal
